{
    "requires": true,
    "lockfileVersion": 1,
    "dependencies": {
        "jquery": {
            "version": "3.5.1",
            "resolved": "https://registry.npmjs.org/jquery/-/jquery-3.5.1.tgz",
            "integrity": "sha512-XwIBPqcMn57FxfT+Go5pzySnm4KWkT1Tv7gjrpT1srtf8Weynl6R273VJ5GjkRb51IzMp5nbaPjJXMWeju2MKg==",
            "dev": true
        },
        "sweetalert2": {
            "version": "10.10.4",
            "resolved": "https://registry.npmjs.org/sweetalert2/-/sweetalert2-10.10.4.tgz",
            "integrity": "sha512-qQJcqMaN9i5J0W7wrrttPpmZ5Ws6MrffT61asBLiCj+5sme2wII0ZeOGr8EoPrn8Hd56o58D33KcQMy01JodIQ=="
        }
    }
}
